
Microsoft Visual Studio Solution File, Format Version 12.00
# Visual Studio Version 17
VisualStudioVersion = 17.8.34322.80
MinimumVisualStudioVersion = 10.0.40219.1
Project("{FAE04EC0-301F-11D3-BF4B-00C04F79EFBC}") = "HomeWorkSeminar1", "HomeWorkSeminar1\HomeWorkSeminar1.csproj", "{382A621B-F27D-488C-AB98-8DEF14D42E2E}"
EndProject
Global
	GlobalSection(SolutionConfigurationPlatforms) = preSolution
		Debug|Any CPU = Debug|Any CPU
		Release|Any CPU = Release|Any CPU
	EndGlobalSection
	GlobalSection(ProjectConfigurationPlatforms) = postSolution
		{382A621B-F27D-488C-AB98-8DEF14D42E2E}.Debug|Any CPU.ActiveCfg = Debug|Any CPU
		{382A621B-F27D-488C-AB98-8DEF14D42E2E}.Debug|Any CPU.Build.0 = Debug|Any CPU
		{382A621B-F27D-488C-AB98-8DEF14D42E2E}.Release|Any CPU.ActiveCfg = Release|Any CPU
		{382A621B-F27D-488C-AB98-8DEF14D42E2E}.Release|Any CPU.Build.0 = Release|Any CPU
	EndGlobalSection
	GlobalSection(SolutionProperties) = preSolution
		HideSolutionNode = FALSE
	EndGlobalSection
	GlobalSection(ExtensibilityGlobals) = postSolution
		SolutionGuid = {9662ED36-4CB4-49F5-BED9-034AC7123777}
	EndGlobalSection
EndGlobal
